lockfileVersion: '9.0'

settings:
  autoInstallPeers: true
  excludeLinksFromLockfile: false

importers:

  .:
    dependencies:
      unique-names-generator:
        specifier: ^4.7.1
        version: 4.7.1

packages:

  unique-names-generator@4.7.1:
    resolution: {integrity: sha512-lMx9dX+KRmG8sq6gulYYpKWZc9RlGsgBR6aoO8Qsm3qvkSJ+3rAymr+TnV8EDMrIrwuFJ4kruzMWM/OpYzPoow==}
    engines: {node: '>=8'}

snapshots:

  unique-names-generator@4.7.1: {}
